
Microsoft Visual Studio Solution File, Format Version 12.00
# Visual Studio Version 17
VisualStudioVersion = 17.3.32804.467
MinimumVisualStudioVersion = 10.0.40219.1
Project("{FAE04EC0-301F-11D3-BF4B-00C04F79EFBC}") = "DbmsEmulator", "WebApplication1\DbmsEmulator.csproj", "{39714206-166C-4A8F-B924-FF006E372C22}"
EndProject
Global
	GlobalSection(SolutionConfigurationPlatforms) = preSolution
		Debug|Any CPU = Debug|Any CPU
		Release|Any CPU = Release|Any CPU
	EndGlobalSection
	GlobalSection(ProjectConfigurationPlatforms) = postSolution
		{39714206-166C-4A8F-B924-FF006E372C22}.Debug|Any CPU.ActiveCfg = Debug|Any CPU
		{39714206-166C-4A8F-B924-FF006E372C22}.Debug|Any CPU.Build.0 = Debug|Any CPU
		{39714206-166C-4A8F-B924-FF006E372C22}.Release|Any CPU.ActiveCfg = Release|Any CPU
		{39714206-166C-4A8F-B924-FF006E372C22}.Release|Any CPU.Build.0 = Release|Any CPU
	EndGlobalSection
	GlobalSection(SolutionProperties) = preSolution
		HideSolutionNode = FALSE
	EndGlobalSection
	GlobalSection(ExtensibilityGlobals) = postSolution
		SolutionGuid = {477FDC9B-F866-4879-B3F4-69A3A95D12FE}
	EndGlobalSection
EndGlobal
