
Microsoft Visual Studio Solution File, Format Version 12.00
# Visual Studio Version 17
VisualStudioVersion = 17.0.32014.148
MinimumVisualStudioVersion = 10.0.40219.1
Project("{9A19103F-16F7-4668-BE54-9A1E7A4F7556}") = "DiningPhilosophers", "DiningPhilosophers\DiningPhilosophers.csproj", "{36CA4525-A789-497E-979B-FD77490D9CFC}"
EndProject
Project("{2150E333-8FDC-42A3-9474-1A3956D46DE8}") = "Solution Items", "Solution Items", "{0E582D3F-E72D-4C69-8E37-72466ADA5DF8}"
EndProject
Global
	GlobalSection(SolutionConfigurationPlatforms) = preSolution
		Debug|Any CPU = Debug|Any CPU
		Release|Any CPU = Release|Any CPU
	EndGlobalSection
	GlobalSection(ProjectConfigurationPlatforms) = postSolution
		{36CA4525-A789-497E-979B-FD77490D9CFC}.Debug|Any CPU.ActiveCfg = Debug|Any CPU
		{36CA4525-A789-497E-979B-FD77490D9CFC}.Debug|Any CPU.Build.0 = Debug|Any CPU
		{36CA4525-A789-497E-979B-FD77490D9CFC}.Release|Any CPU.ActiveCfg = Release|Any CPU
		{36CA4525-A789-497E-979B-FD77490D9CFC}.Release|Any CPU.Build.0 = Release|Any CPU
	EndGlobalSection
	GlobalSection(SolutionProperties) = preSolution
		HideSolutionNode = FALSE
	EndGlobalSection
	GlobalSection(ExtensibilityGlobals) = postSolution
		SolutionGuid = {D336EEAC-83DE-4897-8DD6-2D93A3C2DF50}
	EndGlobalSection
EndGlobal
