
Microsoft Visual Studio Solution File, Format Version 12.00
# Visual Studio 15
VisualStudioVersion = 15.0.26430.16
MinimumVisualStudioVersion = 10.0.40219.1
Project("{FAE04EC0-301F-11D3-BF4B-00C04F79EFBC}") = "DaemonPr", "Daemon\DaemonPr.csproj", "{6F5C397E-9D66-4D4A-B543-6987036B33BE}"
	ProjectSection(ProjectDependencies) = postProject
		{73E7DB23-BE33-4C7F-89B5-E27523E71496} = {73E7DB23-BE33-4C7F-89B5-E27523E71496}
	EndProjectSection
EndProject
Project("{FAE04EC0-301F-11D3-BF4B-00C04F79EFBC}") = "Parcs", "Parcs\Parcs.csproj", "{73E7DB23-BE33-4C7F-89B5-E27523E71496}"
EndProject
Project("{FAE04EC0-301F-11D3-BF4B-00C04F79EFBC}") = "HostServer", "HostServer\HostServer.csproj", "{2498923D-C53A-4E07-AFFE-1ABDFC7837BA}"
EndProject
Project("{FAE04EC0-301F-11D3-BF4B-00C04F79EFBC}") = "MyFirstModule", "MyFirstModule\MyFirstModule.csproj", "{639A859D-4EFA-4B4C-A45F-1041A2553EBE}"
EndProject
Project("{FAE04EC0-301F-11D3-BF4B-00C04F79EFBC}") = "MatrixGenerator", "NewMatrixModule\MatrixGenerator\MatrixGenerator.csproj", "{E987257F-20CD-4EF6-955D-165C6F03959A}"
EndProject
Project("{FAE04EC0-301F-11D3-BF4B-00C04F79EFBC}") = "NewMatrixModule", "NewMatrixModule\NewMatrixModule.csproj", "{9494FDE9-BE22-45B5-A852-FA0494FCB14D}"
EndProject
Project("{FAE04EC0-301F-11D3-BF4B-00C04F79EFBC}") = "RestApi", "RestApi\RestApi.csproj", "{821A4E07-D236-4AE9-B8E4-3A9B6ADC4D64}"
EndProject
Project("{FAE04EC0-301F-11D3-BF4B-00C04F79EFBC}") = "Parcs.Api.Dto", "Parcs.Api.Dto\Parcs.Api.Dto.csproj", "{43A0271C-C5F6-4DBD-8650-1E1AF5657E8C}"
EndProject
Project("{FAE04EC0-301F-11D3-BF4B-00C04F79EFBC}") = "DataAccess", "DataAccess\DataAccess.csproj", "{4D28B0B8-981E-43F1-81C1-730629725ECB}"
EndProject
Project("{FAE04EC0-301F-11D3-BF4B-00C04F79EFBC}") = "Parcs.Module.CommandLine", "Parcs.Module.CommandLine\Parcs.Module.CommandLine.csproj", "{B466666E-3104-4CF5-ADE0-9441BB964AEA}"
EndProject
Project("{2150E333-8FDC-42A3-9474-1A3956D46DE8}") = "Solution Items", "Solution Items", "{7DFFFB46-5B30-47B8-8694-A89DC884601D}"
	ProjectSection(SolutionItems) = preProject
		.gitignore = .gitignore
	EndProjectSection
EndProject
Project("{2150E333-8FDC-42A3-9474-1A3956D46DE8}") = "Installation", "Installation", "{C9ACBD4B-640D-47C9-AE4B-58A6C8C06F6D}"
	ProjectSection(SolutionItems) = preProject
		Installation\Azure.ps1 = Installation\Azure.ps1
		Installation\Invoke-MsBuild.psm1 = Installation\Invoke-MsBuild.psm1
		Installation\ParcsSetup.psm1 = Installation\ParcsSetup.psm1
		Installation\RemoteDaemon.ps1 = Installation\RemoteDaemon.ps1
		Installation\RemoteHostServer.ps1 = Installation\RemoteHostServer.ps1
		RunWithDocker.ps1 = RunWithDocker.ps1
		Installation\Setup.ps1 = Installation\Setup.ps1
	EndProjectSection
EndProject
Global
	GlobalSection(SolutionConfigurationPlatforms) = preSolution
		Debug|Any CPU = Debug|Any CPU
		Release|Any CPU = Release|Any CPU
	EndGlobalSection
	GlobalSection(ProjectConfigurationPlatforms) = postSolution
		{6F5C397E-9D66-4D4A-B543-6987036B33BE}.Debug|Any CPU.ActiveCfg = Debug|Any CPU
		{6F5C397E-9D66-4D4A-B543-6987036B33BE}.Debug|Any CPU.Build.0 = Debug|Any CPU
		{6F5C397E-9D66-4D4A-B543-6987036B33BE}.Release|Any CPU.ActiveCfg = Release|Any CPU
		{6F5C397E-9D66-4D4A-B543-6987036B33BE}.Release|Any CPU.Build.0 = Release|Any CPU
		{73E7DB23-BE33-4C7F-89B5-E27523E71496}.Debug|Any CPU.ActiveCfg = Debug|Any CPU
		{73E7DB23-BE33-4C7F-89B5-E27523E71496}.Debug|Any CPU.Build.0 = Debug|Any CPU
		{73E7DB23-BE33-4C7F-89B5-E27523E71496}.Release|Any CPU.ActiveCfg = Release|Any CPU
		{73E7DB23-BE33-4C7F-89B5-E27523E71496}.Release|Any CPU.Build.0 = Release|Any CPU
		{2498923D-C53A-4E07-AFFE-1ABDFC7837BA}.Debug|Any CPU.ActiveCfg = Debug|Any CPU
		{2498923D-C53A-4E07-AFFE-1ABDFC7837BA}.Debug|Any CPU.Build.0 = Debug|Any CPU
		{2498923D-C53A-4E07-AFFE-1ABDFC7837BA}.Release|Any CPU.ActiveCfg = Release|Any CPU
		{2498923D-C53A-4E07-AFFE-1ABDFC7837BA}.Release|Any CPU.Build.0 = Release|Any CPU
		{639A859D-4EFA-4B4C-A45F-1041A2553EBE}.Debug|Any CPU.ActiveCfg = Debug|Any CPU
		{639A859D-4EFA-4B4C-A45F-1041A2553EBE}.Debug|Any CPU.Build.0 = Debug|Any CPU
		{639A859D-4EFA-4B4C-A45F-1041A2553EBE}.Release|Any CPU.ActiveCfg = Release|Any CPU
		{639A859D-4EFA-4B4C-A45F-1041A2553EBE}.Release|Any CPU.Build.0 = Release|Any CPU
		{E987257F-20CD-4EF6-955D-165C6F03959A}.Debug|Any CPU.ActiveCfg = Debug|Any CPU
		{E987257F-20CD-4EF6-955D-165C6F03959A}.Debug|Any CPU.Build.0 = Debug|Any CPU
		{E987257F-20CD-4EF6-955D-165C6F03959A}.Release|Any CPU.ActiveCfg = Release|Any CPU
		{E987257F-20CD-4EF6-955D-165C6F03959A}.Release|Any CPU.Build.0 = Release|Any CPU
		{9494FDE9-BE22-45B5-A852-FA0494FCB14D}.Debug|Any CPU.ActiveCfg = Release|Any CPU
		{9494FDE9-BE22-45B5-A852-FA0494FCB14D}.Debug|Any CPU.Build.0 = Release|Any CPU
		{9494FDE9-BE22-45B5-A852-FA0494FCB14D}.Release|Any CPU.ActiveCfg = Release|Any CPU
		{9494FDE9-BE22-45B5-A852-FA0494FCB14D}.Release|Any CPU.Build.0 = Release|Any CPU
		{821A4E07-D236-4AE9-B8E4-3A9B6ADC4D64}.Debug|Any CPU.ActiveCfg = Debug|Any CPU
		{821A4E07-D236-4AE9-B8E4-3A9B6ADC4D64}.Debug|Any CPU.Build.0 = Debug|Any CPU
		{821A4E07-D236-4AE9-B8E4-3A9B6ADC4D64}.Release|Any CPU.ActiveCfg = Release|Any CPU
		{821A4E07-D236-4AE9-B8E4-3A9B6ADC4D64}.Release|Any CPU.Build.0 = Release|Any CPU
		{43A0271C-C5F6-4DBD-8650-1E1AF5657E8C}.Debug|Any CPU.ActiveCfg = Debug|Any CPU
		{43A0271C-C5F6-4DBD-8650-1E1AF5657E8C}.Debug|Any CPU.Build.0 = Debug|Any CPU
		{43A0271C-C5F6-4DBD-8650-1E1AF5657E8C}.Release|Any CPU.ActiveCfg = Release|Any CPU
		{43A0271C-C5F6-4DBD-8650-1E1AF5657E8C}.Release|Any CPU.Build.0 = Release|Any CPU
		{4D28B0B8-981E-43F1-81C1-730629725ECB}.Debug|Any CPU.ActiveCfg = Debug|Any CPU
		{4D28B0B8-981E-43F1-81C1-730629725ECB}.Debug|Any CPU.Build.0 = Debug|Any CPU
		{4D28B0B8-981E-43F1-81C1-730629725ECB}.Release|Any CPU.ActiveCfg = Release|Any CPU
		{4D28B0B8-981E-43F1-81C1-730629725ECB}.Release|Any CPU.Build.0 = Release|Any CPU
		{B466666E-3104-4CF5-ADE0-9441BB964AEA}.Debug|Any CPU.ActiveCfg = Debug|Any CPU
		{B466666E-3104-4CF5-ADE0-9441BB964AEA}.Debug|Any CPU.Build.0 = Debug|Any CPU
		{B466666E-3104-4CF5-ADE0-9441BB964AEA}.Release|Any CPU.ActiveCfg = Release|Any CPU
		{B466666E-3104-4CF5-ADE0-9441BB964AEA}.Release|Any CPU.Build.0 = Release|Any CPU
	EndGlobalSection
	GlobalSection(SolutionProperties) = preSolution
		HideSolutionNode = FALSE
	EndGlobalSection
	GlobalSection(ExtensibilityGlobals) = postSolution
		SolutionGuid = {AE42FF03-98F7-439B-AD8C-6CA3D6AB1B62}
	EndGlobalSection
EndGlobal
